// !$*UTF8*$!
{
	archiveVersion = 1;
	classes = {
	};
	objectVersion = 46;
	objects = {

/* Begin PBXBuildFile section */
		89253C801CAA26CE00922136 /* LMNavigationController.m in Sources */ = {isa = PBXBuildFile; fileRef = 89253C7F1CAA26CE00922136 /* LMNavigationController.m */; };
		89253C841CAA6FB900922136 /* LMBaseScrollViewController.m in Sources */ = {isa = PBXBuildFile; fileRef = 89253C831CAA6FB900922136 /* LMBaseScrollViewController.m */; };
		89253C881CAA788400922136 /* LMBaseView.m in Sources */ = {isa = PBXBuildFile; fileRef = 89253C871CAA788400922136 /* LMBaseView.m */; };
		89253C8B1CAA7BBD00922136 /* LMBaseScrollView.m in Sources */ = {isa = PBXBuildFile; fileRef = 89253C8A1CAA7BBD00922136 /* LMBaseScrollView.m */; };
		894271191CB6439E00B7F44D /* LMBadgeView.m in Sources */ = {isa = PBXBuildFile; fileRef = 8942710E1CB6439E00B7F44D /* LMBadgeView.m */; };
		8942711A1CB6439E00B7F44D /* LMSegmentItem.m in Sources */ = {isa = PBXBuildFile; fileRef = 894271101CB6439E00B7F44D /* LMSegmentItem.m */; };
		8942711B1CB6439E00B7F44D /* LMSegmentScrollView.m in Sources */ = {isa = PBXBuildFile; fileRef = 894271121CB6439E00B7F44D /* LMSegmentScrollView.m */; };
		8942711C1CB6439E00B7F44D /* LMSegmentView.m in Sources */ = {isa = PBXBuildFile; fileRef = 894271141CB6439E00B7F44D /* LMSegmentView.m */; };
		8942711D1CB6439E00B7F44D /* LMSlidingLineSegmentView.m in Sources */ = {isa = PBXBuildFile; fileRef = 894271161CB6439E00B7F44D /* LMSlidingLineSegmentView.m */; };
		8942711E1CB6439E00B7F44D /* LMZoomSegmentView.m in Sources */ = {isa = PBXBuildFile; fileRef = 894271181CB6439E00B7F44D /* LMZoomSegmentView.m */; };
		894271361CB64E9800B7F44D /* LMLoopScrollView.m in Sources */ = {isa = PBXBuildFile; fileRef = 894271351CB64E9800B7F44D /* LMLoopScrollView.m */; };
		8942713A1CB652B800B7F44D /* LMBaseDateSourceModel.m in Sources */ = {isa = PBXBuildFile; fileRef = 894271391CB652B800B7F44D /* LMBaseDateSourceModel.m */; };
		8942713D1CB655E300B7F44D /* LMLoopScrollViewModel.m in Sources */ = {isa = PBXBuildFile; fileRef = 8942713C1CB655E300B7F44D /* LMLoopScrollViewModel.m */; };
		895ECC121CB7438A009DD46D /* guide1.png in Resources */ = {isa = PBXBuildFile; fileRef = 895ECC0E1CB7438A009DD46D /* guide1.png */; };
		895ECC131CB7438A009DD46D /* guide2.png in Resources */ = {isa = PBXBuildFile; fileRef = 895ECC0F1CB7438A009DD46D /* guide2.png */; };
		895ECC141CB7438A009DD46D /* guide3.png in Resources */ = {isa = PBXBuildFile; fileRef = 895ECC101CB7438A009DD46D /* guide3.png */; };
		895ECC151CB7438A009DD46D /* guide4.png in Resources */ = {isa = PBXBuildFile; fileRef = 895ECC111CB7438A009DD46D /* guide4.png */; };
		895ECC181CB75961009DD46D /* LMVerticalLoopScrollView.m in Sources */ = {isa = PBXBuildFile; fileRef = 895ECC171CB75961009DD46D /* LMVerticalLoopScrollView.m */; };
		89626C401CD1BEF600E039A7 /* TestThreeViewController.m in Sources */ = {isa = PBXBuildFile; fileRef = 89626C3F1CD1BEF600E039A7 /* TestThreeViewController.m */; };
		896634B41CA4CE1F00AC3DBC /* LMStringUtil.m in Sources */ = {isa = PBXBuildFile; fileRef = 896634B31CA4CE1F00AC3DBC /* LMStringUtil.m */; };
		896634B91CA5057100AC3DBC /* LMCapitalUtil.m in Sources */ = {isa = PBXBuildFile; fileRef = 896634B81CA5057100AC3DBC /* LMCapitalUtil.m */; };
		896634BC1CA5098C00AC3DBC /* LMColor.m in Sources */ = {isa = PBXBuildFile; fileRef = 896634BB1CA5098C00AC3DBC /* LMColor.m */; };
		896D33DD1CBF278700E70E0B /* cmb.plist in Resources */ = {isa = PBXBuildFile; fileRef = 896D33D81CBF278700E70E0B /* cmb.plist */; };
		896D33DE1CBF278700E70E0B /* iqiyi.plist in Resources */ = {isa = PBXBuildFile; fileRef = 896D33D91CBF278700E70E0B /* iqiyi.plist */; };
		896D33DF1CBF278700E70E0B /* LMSettingsBundleManager.m in Sources */ = {isa = PBXBuildFile; fileRef = 896D33DB1CBF278700E70E0B /* LMSettingsBundleManager.m */; };
		896D33E01CBF278700E70E0B /* Settings.bundle in Resources */ = {isa = PBXBuildFile; fileRef = 896D33DC1CBF278700E70E0B /* Settings.bundle */; };
		896D33E51CBF280000E70E0B /* LMWaxPatchManager.m in Sources */ = {isa = PBXBuildFile; fileRef = 896D33E31CBF280000E70E0B /* LMWaxPatchManager.m */; };
		896D33F01CBF37A200E70E0B /* UIView+Toast.m in Sources */ = {isa = PBXBuildFile; fileRef = 896D33EF1CBF37A200E70E0B /* UIView+Toast.m */; };
		896D33F41CBF3A8B00E70E0B /* alert_info.plist in Resources */ = {isa = PBXBuildFile; fileRef = 896D33F31CBF3A8B00E70E0B /* alert_info.plist */; };
		896D33F81CBF3AE700E70E0B /* LMResponder.m in Sources */ = {isa = PBXBuildFile; fileRef = 896D33F71CBF3AE700E70E0B /* LMResponder.m */; };
		896D34041CBF3ECF00E70E0B /* LMAlertUtil.m in Sources */ = {isa = PBXBuildFile; fileRef = 896D34031CBF3ECF00E70E0B /* LMAlertUtil.m */; };
		896D34081CBF3F7200E70E0B /* WCAlertView.m in Sources */ = {isa = PBXBuildFile; fileRef = 896D34071CBF3F7200E70E0B /* WCAlertView.m */; };
		896D340C1CBF40EF00E70E0B /* JCAlertView.m in Sources */ = {isa = PBXBuildFile; fileRef = 896D340B1CBF40EF00E70E0B /* JCAlertView.m */; };
		897859931CCF36EF00028B2E /* UIImage+GIF.m in Sources */ = {isa = PBXBuildFile; fileRef = 897859921CCF36EF00028B2E /* UIImage+GIF.m */; };
		897859961CCF370400028B2E /* UIView+Utils.m in Sources */ = {isa = PBXBuildFile; fileRef = 897859951CCF370400028B2E /* UIView+Utils.m */; };
		8978599E1CCF402900028B2E /* UIScrollView+SVInfiniteScrolling.m in Sources */ = {isa = PBXBuildFile; fileRef = 8978599B1CCF402900028B2E /* UIScrollView+SVInfiniteScrolling.m */; };
		8978599F1CCF402900028B2E /* UIScrollView+SVPullToRefresh.m in Sources */ = {isa = PBXBuildFile; fileRef = 8978599D1CCF402900028B2E /* UIScrollView+SVPullToRefresh.m */; };
		89898A601CA0D86100C47BF6 /* main.m in Sources */ = {isa = PBXBuildFile; fileRef = 89898A5F1CA0D86100C47BF6 /* main.m */; };
		89898A631CA0D86100C47BF6 /* AppDelegate.m in Sources */ = {isa = PBXBuildFile; fileRef = 89898A621CA0D86100C47BF6 /* AppDelegate.m */; };
		89898A6E1CA0D86100C47BF6 /* Assets.xcassets in Resources */ = {isa = PBXBuildFile; fileRef = 89898A6D1CA0D86100C47BF6 /* Assets.xcassets */; };
		89898A711CA0D86100C47BF6 /* LaunchScreen.storyboard in Resources */ = {isa = PBXBuildFile; fileRef = 89898A6F1CA0D86100C47BF6 /* LaunchScreen.storyboard */; };
		89898A7C1CA0D86100C47BF6 /* LMCommonKitTests.m in Sources */ = {isa = PBXBuildFile; fileRef = 89898A7B1CA0D86100C47BF6 /* LMCommonKitTests.m */; };
		89898A871CA0D86100C47BF6 /* LMCommonKitUITests.m in Sources */ = {isa = PBXBuildFile; fileRef = 89898A861CA0D86100C47BF6 /* LMCommonKitUITests.m */; };
		89898A971CA0D98100C47BF6 /* LMBaseViewController.m in Sources */ = {isa = PBXBuildFile; fileRef = 89898A961CA0D98100C47BF6 /* LMBaseViewController.m */; };
		89898A9B1CA0D9F200C47BF6 /* LMViewControllerManager.m in Sources */ = {isa = PBXBuildFile; fileRef = 89898A9A1CA0D9F200C47BF6 /* LMViewControllerManager.m */; };
		898DC9FC1CE5BA7E006A01CC /* LMPhotoHandle.m in Sources */ = {isa = PBXBuildFile; fileRef = 898DC9FB1CE5BA7E006A01CC /* LMPhotoHandle.m */; };
		8995CCAA1CDCA75100D67D67 /* TestFourViewController.m in Sources */ = {isa = PBXBuildFile; fileRef = 8995CCA91CDCA75100D67D67 /* TestFourViewController.m */; };
		8995CCBC1CE0259400D67D67 /* LMBaseRefreshViewController.m in Sources */ = {isa = PBXBuildFile; fileRef = 8995CCB51CE0259400D67D67 /* LMBaseRefreshViewController.m */; };
		8995CCBD1CE0259400D67D67 /* LMBaseTableViewController.m in Sources */ = {isa = PBXBuildFile; fileRef = 8995CCB71CE0259400D67D67 /* LMBaseTableViewController.m */; };
		8995CCBE1CE0259400D67D67 /* LMCustomRefreshViewController.m in Sources */ = {isa = PBXBuildFile; fileRef = 8995CCB91CE0259400D67D67 /* LMCustomRefreshViewController.m */; };
		8995CCBF1CE0259400D67D67 /* LMOriginalRefreshViewController.m in Sources */ = {isa = PBXBuildFile; fileRef = 8995CCBB1CE0259400D67D67 /* LMOriginalRefreshViewController.m */; };
		8995CCCC1CE025A000D67D67 /* LMLoadMoreView.m in Sources */ = {isa = PBXBuildFile; fileRef = 8995CCC11CE025A000D67D67 /* LMLoadMoreView.m */; };
		8995CCCD1CE025A000D67D67 /* LMLoadMoreView.xib in Resources */ = {isa = PBXBuildFile; fileRef = 8995CCC21CE025A000D67D67 /* LMLoadMoreView.xib */; };
		8995CCCE1CE025A000D67D67 /* LMRefreshDateSourceLoadEmptyView.m in Sources */ = {isa = PBXBuildFile; fileRef = 8995CCC51CE025A000D67D67 /* LMRefreshDateSourceLoadEmptyView.m */; };
		8995CCCF1CE025A000D67D67 /* LMRefreshDateSourceLoadFailView.m in Sources */ = {isa = PBXBuildFile; fileRef = 8995CCC71CE025A000D67D67 /* LMRefreshDateSourceLoadFailView.m */; };
		8995CCD01CE025A000D67D67 /* LMRefreshDateSourceLoadingView.m in Sources */ = {isa = PBXBuildFile; fileRef = 8995CCC91CE025A000D67D67 /* LMRefreshDateSourceLoadingView.m */; };
		8995CCD11CE025A000D67D67 /* LMRefreshDateSourceNetworkErrorView.m in Sources */ = {isa = PBXBuildFile; fileRef = 8995CCCB1CE025A000D67D67 /* LMRefreshDateSourceNetworkErrorView.m */; };
		8995CCD41CE025AA00D67D67 /* LMPageModel.m in Sources */ = {isa = PBXBuildFile; fileRef = 8995CCD31CE025AA00D67D67 /* LMPageModel.m */; };
		8995CCD71CE0291F00D67D67 /* LMBaseTableViewCell.m in Sources */ = {isa = PBXBuildFile; fileRef = 8995CCD61CE0291F00D67D67 /* LMBaseTableViewCell.m */; };
		89B23DD21CA8CC8900B8F364 /* LMButton.m in Sources */ = {isa = PBXBuildFile; fileRef = 89B23DD11CA8CC8900B8F364 /* LMButton.m */; };
		89B23DD81CA8D0E600B8F364 /* UIFont+Extension.m in Sources */ = {isa = PBXBuildFile; fileRef = 89B23DD71CA8D0E600B8F364 /* UIFont+Extension.m */; };
		89B23DDC1CA8D1BE00B8F364 /* UIColor+Extension.m in Sources */ = {isa = PBXBuildFile; fileRef = 89B23DDA1CA8D1BE00B8F364 /* UIColor+Extension.m */; };
		89B23DDD1CA8D1BE00B8F364 /* THColor颜色名称图.png in Resources */ = {isa = PBXBuildFile; fileRef = 89B23DDB1CA8D1BE00B8F364 /* THColor颜色名称图.png */; };
		89B23DE01CA8D43C00B8F364 /* UIImage+Extension.m in Sources */ = {isa = PBXBuildFile; fileRef = 89B23DDF1CA8D43C00B8F364 /* UIImage+Extension.m */; };
		89BD35581CBDD55700DC03F7 /* TestOneViewController.m in Sources */ = {isa = PBXBuildFile; fileRef = 89BD35531CBDD55700DC03F7 /* TestOneViewController.m */; };
		89BD35591CBDD55700DC03F7 /* TestTwoViewController.m in Sources */ = {isa = PBXBuildFile; fileRef = 89BD35551CBDD55700DC03F7 /* TestTwoViewController.m */; };
		89BD355A1CBDD55700DC03F7 /* TestViewController.m in Sources */ = {isa = PBXBuildFile; fileRef = 89BD35571CBDD55700DC03F7 /* TestViewController.m */; };
		9E1D0D1F00EFBF0CC3BD1FF4 /* libPods.a in Frameworks */ = {isa = PBXBuildFile; fileRef = BB1AB08059F0323C022A96CD /* libPods.a */; };
/* End PBXBuildFile section */

/* Begin PBXContainerItemProxy section */
		89898A781CA0D86100C47BF6 /* PBXContainerItemProxy */ = {
			isa = PBXContainerItemProxy;
			containerPortal = 89898A531CA0D86100C47BF6 /* Project object */;
			proxyType = 1;
			remoteGlobalIDString = 89898A5A1CA0D86100C47BF6;
			remoteInfo = LMCommonKit;
		};
		89898A831CA0D86100C47BF6 /* PBXContainerItemProxy */ = {
			isa = PBXContainerItemProxy;
			containerPortal = 89898A531CA0D86100C47BF6 /* Project object */;
			proxyType = 1;
			remoteGlobalIDString = 89898A5A1CA0D86100C47BF6;
			remoteInfo = LMCommonKit;
		};
/* End PBXContainerItemProxy section */

/* Begin PBXFileReference section */
		7B5F63887E2520FABD28ABD2 /* Pods.release.xcconfig */ = {isa = PBXFileReference; includeInIndex = 1; lastKnownFileType = text.xcconfig; name = Pods.release.xcconfig; path = "Pods/Target Support Files/Pods/Pods.release.xcconfig"; sourceTree = "<group>"; };
		89253C7E1CAA26CE00922136 /* LMNavigationController.h */ = {isa = PBXFileReference; fileEncoding = 4; lastKnownFileType = sourcecode.c.h; path = LMNavigationController.h; sourceTree = "<group>"; };
		89253C7F1CAA26CE00922136 /* LMNavigationController.m */ = {isa = PBXFileReference; fileEncoding = 4; lastKnownFileType = sourcecode.c.objc; path = LMNavigationController.m; sourceTree = "<group>"; };
		89253C821CAA6FB900922136 /* LMBaseScrollViewController.h */ = {isa = PBXFileReference; fileEncoding = 4; lastKnownFileType = sourcecode.c.h; path = LMBaseScrollViewController.h; sourceTree = "<group>"; };
		89253C831CAA6FB900922136 /* LMBaseScrollViewController.m */ = {isa = PBXFileReference; fileEncoding = 4; lastKnownFileType = sourcecode.c.objc; path = LMBaseScrollViewController.m; sourceTree = "<group>"; };
		89253C861CAA788400922136 /* LMBaseView.h */ = {isa = PBXFileReference; fileEncoding = 4; lastKnownFileType = sourcecode.c.h; path = LMBaseView.h; sourceTree = "<group>"; };
		89253C871CAA788400922136 /* LMBaseView.m */ = {isa = PBXFileReference; fileEncoding = 4; lastKnownFileType = sourcecode.c.objc; path = LMBaseView.m; sourceTree = "<group>"; };
		89253C891CAA7BBD00922136 /* LMBaseScrollView.h */ = {isa = PBXFileReference; fileEncoding = 4; lastKnownFileType = sourcecode.c.h; path = LMBaseScrollView.h; sourceTree = "<group>"; };
		89253C8A1CAA7BBD00922136 /* LMBaseScrollView.m */ = {isa = PBXFileReference; fileEncoding = 4; lastKnownFileType = sourcecode.c.objc; path = LMBaseScrollView.m; sourceTree = "<group>"; };
		8942710D1CB6439E00B7F44D /* LMBadgeView.h */ = {isa = PBXFileReference; fileEncoding = 4; lastKnownFileType = sourcecode.c.h; path = LMBadgeView.h; sourceTree = "<group>"; };
		8942710E1CB6439E00B7F44D /* LMBadgeView.m */ = {isa = PBXFileReference; fileEncoding = 4; lastKnownFileType = sourcecode.c.objc; path = LMBadgeView.m; sourceTree = "<group>"; };
		8942710F1CB6439E00B7F44D /* LMSegmentItem.h */ = {isa = PBXFileReference; fileEncoding = 4; lastKnownFileType = sourcecode.c.h; path = LMSegmentItem.h; sourceTree = "<group>"; };
		894271101CB6439E00B7F44D /* LMSegmentItem.m */ = {isa = PBXFileReference; fileEncoding = 4; lastKnownFileType = sourcecode.c.objc; path = LMSegmentItem.m; sourceTree = "<group>"; };
		894271111CB6439E00B7F44D /* LMSegmentScrollView.h */ = {isa = PBXFileReference; fileEncoding = 4; lastKnownFileType = sourcecode.c.h; path = LMSegmentScrollView.h; sourceTree = "<group>"; };
		894271121CB6439E00B7F44D /* LMSegmentScrollView.m */ = {isa = PBXFileReference; fileEncoding = 4; lastKnownFileType = sourcecode.c.objc; path = LMSegmentScrollView.m; sourceTree = "<group>"; };
		894271131CB6439E00B7F44D /* LMSegmentView.h */ = {isa = PBXFileReference; fileEncoding = 4; lastKnownFileType = sourcecode.c.h; path = LMSegmentView.h; sourceTree = "<group>"; };
		894271141CB6439E00B7F44D /* LMSegmentView.m */ = {isa = PBXFileReference; fileEncoding = 4; lastKnownFileType = sourcecode.c.objc; path = LMSegmentView.m; sourceTree = "<group>"; };
		894271151CB6439E00B7F44D /* LMSlidingLineSegmentView.h */ = {isa = PBXFileReference; fileEncoding = 4; lastKnownFileType = sourcecode.c.h; path = LMSlidingLineSegmentView.h; sourceTree = "<group>"; };
		894271161CB6439E00B7F44D /* LMSlidingLineSegmentView.m */ = {isa = PBXFileReference; fileEncoding = 4; lastKnownFileType = sourcecode.c.objc; path = LMSlidingLineSegmentView.m; sourceTree = "<group>"; };
		894271171CB6439E00B7F44D /* LMZoomSegmentView.h */ = {isa = PBXFileReference; fileEncoding = 4; lastKnownFileType = sourcecode.c.h; path = LMZoomSegmentView.h; sourceTree = "<group>"; };
		894271181CB6439E00B7F44D /* LMZoomSegmentView.m */ = {isa = PBXFileReference; fileEncoding = 4; lastKnownFileType = sourcecode.c.objc; path = LMZoomSegmentView.m; sourceTree = "<group>"; };
		894271341CB64E9800B7F44D /* LMLoopScrollView.h */ = {isa = PBXFileReference; fileEncoding = 4; lastKnownFileType = sourcecode.c.h; path = LMLoopScrollView.h; sourceTree = "<group>"; };
		894271351CB64E9800B7F44D /* LMLoopScrollView.m */ = {isa = PBXFileReference; fileEncoding = 4; lastKnownFileType = sourcecode.c.objc; path = LMLoopScrollView.m; sourceTree = "<group>"; };
		894271381CB652B800B7F44D /* LMBaseDateSourceModel.h */ = {isa = PBXFileReference; fileEncoding = 4; lastKnownFileType = sourcecode.c.h; path = LMBaseDateSourceModel.h; sourceTree = "<group>"; };
		894271391CB652B800B7F44D /* LMBaseDateSourceModel.m */ = {isa = PBXFileReference; fileEncoding = 4; lastKnownFileType = sourcecode.c.objc; path = LMBaseDateSourceModel.m; sourceTree = "<group>"; };
		8942713B1CB655E300B7F44D /* LMLoopScrollViewModel.h */ = {isa = PBXFileReference; fileEncoding = 4; lastKnownFileType = sourcecode.c.h; path = LMLoopScrollViewModel.h; sourceTree = "<group>"; };
		8942713C1CB655E300B7F44D /* LMLoopScrollViewModel.m */ = {isa = PBXFileReference; fileEncoding = 4; lastKnownFileType = sourcecode.c.objc; path = LMLoopScrollViewModel.m; sourceTree = "<group>"; };
		895ECC0E1CB7438A009DD46D /* guide1.png */ = {isa = PBXFileReference; lastKnownFileType = image.png; path = guide1.png; sourceTree = "<group>"; };
		895ECC0F1CB7438A009DD46D /* guide2.png */ = {isa = PBXFileReference; lastKnownFileType = image.png; path = guide2.png; sourceTree = "<group>"; };
		895ECC101CB7438A009DD46D /* guide3.png */ = {isa = PBXFileReference; lastKnownFileType = image.png; path = guide3.png; sourceTree = "<group>"; };
		895ECC111CB7438A009DD46D /* guide4.png */ = {isa = PBXFileReference; lastKnownFileType = image.png; path = guide4.png; sourceTree = "<group>"; };
		895ECC161CB75961009DD46D /* LMVerticalLoopScrollView.h */ = {isa = PBXFileReference; fileEncoding = 4; lastKnownFileType = sourcecode.c.h; path = LMVerticalLoopScrollView.h; sourceTree = "<group>"; };
		895ECC171CB75961009DD46D /* LMVerticalLoopScrollView.m */ = {isa = PBXFileReference; fileEncoding = 4; lastKnownFileType = sourcecode.c.objc; path = LMVerticalLoopScrollView.m; sourceTree = "<group>"; };
		89626C3E1CD1BEF600E039A7 /* TestThreeViewController.h */ = {isa = PBXFileReference; fileEncoding = 4; lastKnownFileType = sourcecode.c.h; path = TestThreeViewController.h; sourceTree = "<group>"; };
		89626C3F1CD1BEF600E039A7 /* TestThreeViewController.m */ = {isa = PBXFileReference; fileEncoding = 4; lastKnownFileType = sourcecode.c.objc; path = TestThreeViewController.m; sourceTree = "<group>"; };
		896634B21CA4CE1F00AC3DBC /* LMStringUtil.h */ = {isa = PBXFileReference; fileEncoding = 4; lastKnownFileType = sourcecode.c.h; path = LMStringUtil.h; sourceTree = "<group>"; };
		896634B31CA4CE1F00AC3DBC /* LMStringUtil.m */ = {isa = PBXFileReference; fileEncoding = 4; lastKnownFileType = sourcecode.c.objc; path = LMStringUtil.m; sourceTree = "<group>"; };
		896634B51CA4D8B200AC3DBC /* LMInputLimit.h */ = {isa = PBXFileReference; lastKnownFileType = sourcecode.c.h; path = LMInputLimit.h; sourceTree = "<group>"; };
		896634B71CA5057100AC3DBC /* LMCapitalUtil.h */ = {isa = PBXFileReference; fileEncoding = 4; lastKnownFileType = sourcecode.c.h; path = LMCapitalUtil.h; sourceTree = "<group>"; };
		896634B81CA5057100AC3DBC /* LMCapitalUtil.m */ = {isa = PBXFileReference; fileEncoding = 4; lastKnownFileType = sourcecode.c.objc; path = LMCapitalUtil.m; sourceTree = "<group>"; };
		896634BA1CA5098C00AC3DBC /* LMColor.h */ = {isa = PBXFileReference; fileEncoding = 4; lastKnownFileType = sourcecode.c.h; path = LMColor.h; sourceTree = "<group>"; };
		896634BB1CA5098C00AC3DBC /* LMColor.m */ = {isa = PBXFileReference; fileEncoding = 4; lastKnownFileType = sourcecode.c.objc; path = LMColor.m; sourceTree = "<group>"; };
		896D33D81CBF278700E70E0B /* cmb.plist */ = {isa = PBXFileReference; fileEncoding = 4; lastKnownFileType = text.plist.xml; path = cmb.plist; sourceTree = "<group>"; };
		896D33D91CBF278700E70E0B /* iqiyi.plist */ = {isa = PBXFileReference; fileEncoding = 4; lastKnownFileType = text.plist.xml; path = iqiyi.plist; sourceTree = "<group>"; };
		896D33DA1CBF278700E70E0B /* LMSettingsBundleManager.h */ = {isa = PBXFileReference; fileEncoding = 4; lastKnownFileType = sourcecode.c.h; path = LMSettingsBundleManager.h; sourceTree = "<group>"; };
		896D33DB1CBF278700E70E0B /* LMSettingsBundleManager.m */ = {isa = PBXFileReference; fileEncoding = 4; lastKnownFileType = sourcecode.c.objc; path = LMSettingsBundleManager.m; sourceTree = "<group>"; };
		896D33DC1CBF278700E70E0B /* Settings.bundle */ = {isa = PBXFileReference; lastKnownFileType = "wrapper.plug-in"; path = Settings.bundle; sourceTree = "<group>"; };
		896D33E21CBF280000E70E0B /* LMWaxPatchManager.h */ = {isa = PBXFileReference; fileEncoding = 4; lastKnownFileType = sourcecode.c.h; path = LMWaxPatchManager.h; sourceTree = "<group>"; };
		896D33E31CBF280000E70E0B /* LMWaxPatchManager.m */ = {isa = PBXFileReference; fileEncoding = 4; lastKnownFileType = sourcecode.c.objc; path = LMWaxPatchManager.m; sourceTree = "<group>"; };
		896D33E41CBF280000E70E0B /* LMWaxPatchManagerKit.h */ = {isa = PBXFileReference; fileEncoding = 4; lastKnownFileType = sourcecode.c.h; path = LMWaxPatchManagerKit.h; sourceTree = "<group>"; };
		896D33E91CBF2B0000E70E0B /* LMNotificationName.h */ = {isa = PBXFileReference; fileEncoding = 4; lastKnownFileType = sourcecode.c.h; path = LMNotificationName.h; sourceTree = "<group>"; };
		896D33EE1CBF37A200E70E0B /* UIView+Toast.h */ = {isa = PBXFileReference; fileEncoding = 4; lastKnownFileType = sourcecode.c.h; path = "UIView+Toast.h"; sourceTree = "<group>"; };
		896D33EF1CBF37A200E70E0B /* UIView+Toast.m */ = {isa = PBXFileReference; fileEncoding = 4; lastKnownFileType = sourcecode.c.objc; path = "UIView+Toast.m"; sourceTree = "<group>"; };
		896D33F31CBF3A8B00E70E0B /* alert_info.plist */ = {isa = PBXFileReference; fileEncoding = 4; lastKnownFileType = text.plist.xml; path = alert_info.plist; sourceTree = "<group>"; };
		896D33F61CBF3AE700E70E0B /* LMResponder.h */ = {isa = PBXFileReference; fileEncoding = 4; lastKnownFileType = sourcecode.c.h; path = LMResponder.h; sourceTree = "<group>"; };
		896D33F71CBF3AE700E70E0B /* LMResponder.m */ = {isa = PBXFileReference; fileEncoding = 4; lastKnownFileType = sourcecode.c.objc; path = LMResponder.m; sourceTree = "<group>"; };
		896D34021CBF3ECF00E70E0B /* LMAlertUtil.h */ = {isa = PBXFileReference; fileEncoding = 4; lastKnownFileType = sourcecode.c.h; path = LMAlertUtil.h; sourceTree = "<group>"; };
		896D34031CBF3ECF00E70E0B /* LMAlertUtil.m */ = {isa = PBXFileReference; fileEncoding = 4; lastKnownFileType = sourcecode.c.objc; path = LMAlertUtil.m; sourceTree = "<group>"; };
		896D34061CBF3F7200E70E0B /* WCAlertView.h */ = {isa = PBXFileReference; fileEncoding = 4; lastKnownFileType = sourcecode.c.h; path = WCAlertView.h; sourceTree = "<group>"; };
		896D34071CBF3F7200E70E0B /* WCAlertView.m */ = {isa = PBXFileReference; fileEncoding = 4; lastKnownFileType = sourcecode.c.objc; path = WCAlertView.m; sourceTree = "<group>"; };
		896D340A1CBF40EF00E70E0B /* JCAlertView.h */ = {isa = PBXFileReference; fileEncoding = 4; lastKnownFileType = sourcecode.c.h; path = JCAlertView.h; sourceTree = "<group>"; };
		896D340B1CBF40EF00E70E0B /* JCAlertView.m */ = {isa = PBXFileReference; fileEncoding = 4; lastKnownFileType = sourcecode.c.objc; path = JCAlertView.m; sourceTree = "<group>"; };
		897859911CCF36EF00028B2E /* UIImage+GIF.h */ = {isa = PBXFileReference; fileEncoding = 4; lastKnownFileType = sourcecode.c.h; path = "UIImage+GIF.h"; sourceTree = "<group>"; };
		897859921CCF36EF00028B2E /* UIImage+GIF.m */ = {isa = PBXFileReference; fileEncoding = 4; lastKnownFileType = sourcecode.c.objc; path = "UIImage+GIF.m"; sourceTree = "<group>"; };
		897859941CCF370400028B2E /* UIView+Utils.h */ = {isa = PBXFileReference; fileEncoding = 4; lastKnownFileType = sourcecode.c.h; path = "UIView+Utils.h"; sourceTree = "<group>"; };
		897859951CCF370400028B2E /* UIView+Utils.m */ = {isa = PBXFileReference; fileEncoding = 4; lastKnownFileType = sourcecode.c.objc; path = "UIView+Utils.m"; sourceTree = "<group>"; };
		897859991CCF402900028B2E /* SVPullToRefresh.h */ = {isa = PBXFileReference; fileEncoding = 4; lastKnownFileType = sourcecode.c.h; path = SVPullToRefresh.h; sourceTree = "<group>"; };
		8978599A1CCF402900028B2E /* UIScrollView+SVInfiniteScrolling.h */ = {isa = PBXFileReference; fileEncoding = 4; lastKnownFileType = sourcecode.c.h; path = "UIScrollView+SVInfiniteScrolling.h"; sourceTree = "<group>"; };
		8978599B1CCF402900028B2E /* UIScrollView+SVInfiniteScrolling.m */ = {isa = PBXFileReference; fileEncoding = 4; lastKnownFileType = sourcecode.c.objc; path = "UIScrollView+SVInfiniteScrolling.m"; sourceTree = "<group>"; };
		8978599C1CCF402900028B2E /* UIScrollView+SVPullToRefresh.h */ = {isa = PBXFileReference; fileEncoding = 4; lastKnownFileType = sourcecode.c.h; path = "UIScrollView+SVPullToRefresh.h"; sourceTree = "<group>"; };
		8978599D1CCF402900028B2E /* UIScrollView+SVPullToRefresh.m */ = {isa = PBXFileReference; fileEncoding = 4; lastKnownFileType = sourcecode.c.objc; path = "UIScrollView+SVPullToRefresh.m"; sourceTree = "<group>"; };
		897949211CA3C6EC00298420 /* LMCommonkitHeader.h */ = {isa = PBXFileReference; lastKnownFileType = sourcecode.c.h; path = LMCommonkitHeader.h; sourceTree = "<group>"; };
		89898A5B1CA0D86100C47BF6 /* LMCommonKit.app */ = {isa = PBXFileReference; explicitFileType = wrapper.application; includeInIndex = 0; path = LMCommonKit.app; sourceTree = BUILT_PRODUCTS_DIR; };
		89898A5F1CA0D86100C47BF6 /* main.m */ = {isa = PBXFileReference; lastKnownFileType = sourcecode.c.objc; path = main.m; sourceTree = "<group>"; };
		89898A611CA0D86100C47BF6 /* AppDelegate.h */ = {isa = PBXFileReference; lastKnownFileType = sourcecode.c.h; path = AppDelegate.h; sourceTree = "<group>"; };
		89898A621CA0D86100C47BF6 /* AppDelegate.m */ = {isa = PBXFileReference; lastKnownFileType = sourcecode.c.objc; path = AppDelegate.m; sourceTree = "<group>"; };
		89898A6D1CA0D86100C47BF6 /* Assets.xcassets */ = {isa = PBXFileReference; lastKnownFileType = folder.assetcatalog; path = Assets.xcassets; sourceTree = "<group>"; };
		89898A701CA0D86100C47BF6 /* Base */ = {isa = PBXFileReference; lastKnownFileType = file.storyboard; name = Base; path = Base.lproj/LaunchScreen.storyboard; sourceTree = "<group>"; };
		89898A721CA0D86100C47BF6 /* Info.plist */ = {isa = PBXFileReference; lastKnownFileType = text.plist.xml; path = Info.plist; sourceTree = "<group>"; };
		89898A771CA0D86100C47BF6 /* LMCommonKitTests.xctest */ = {isa = PBXFileReference; explicitFileType = wrapper.cfbundle; includeInIndex = 0; path = LMCommonKitTests.xctest; sourceTree = BUILT_PRODUCTS_DIR; };
		89898A7B1CA0D86100C47BF6 /* LMCommonKitTests.m */ = {isa = PBXFileReference; lastKnownFileType = sourcecode.c.objc; path = LMCommonKitTests.m; sourceTree = "<group>"; };
		89898A7D1CA0D86100C47BF6 /* Info.plist */ = {isa = PBXFileReference; lastKnownFileType = text.plist.xml; path = Info.plist; sourceTree = "<group>"; };
		89898A821CA0D86100C47BF6 /* LMCommonKitUITests.xctest */ = {isa = PBXFileReference; explicitFileType = wrapper.cfbundle; includeInIndex = 0; path = LMCommonKitUITests.xctest; sourceTree = BUILT_PRODUCTS_DIR; };
		89898A861CA0D86100C47BF6 /* LMCommonKitUITests.m */ = {isa = PBXFileReference; lastKnownFileType = sourcecode.c.objc; path = LMCommonKitUITests.m; sourceTree = "<group>"; };
		89898A881CA0D86100C47BF6 /* Info.plist */ = {isa = PBXFileReference; lastKnownFileType = text.plist.xml; path = Info.plist; sourceTree = "<group>"; };
		89898A951CA0D98100C47BF6 /* LMBaseViewController.h */ = {isa = PBXFileReference; fileEncoding = 4; lastKnownFileType = sourcecode.c.h; path = LMBaseViewController.h; sourceTree = "<group>"; };
		89898A961CA0D98100C47BF6 /* LMBaseViewController.m */ = {isa = PBXFileReference; fileEncoding = 4; lastKnownFileType = sourcecode.c.objc; path = LMBaseViewController.m; sourceTree = "<group>"; };
		89898A991CA0D9F200C47BF6 /* LMViewControllerManager.h */ = {isa = PBXFileReference; fileEncoding = 4; lastKnownFileType = sourcecode.c.h; path = LMViewControllerManager.h; sourceTree = "<group>"; };
		89898A9A1CA0D9F200C47BF6 /* LMViewControllerManager.m */ = {isa = PBXFileReference; fileEncoding = 4; lastKnownFileType = sourcecode.c.objc; path = LMViewControllerManager.m; sourceTree = "<group>"; };
		898DC9FA1CE5BA7E006A01CC /* LMPhotoHandle.h */ = {isa = PBXFileReference; fileEncoding = 4; lastKnownFileType = sourcecode.c.h; path = LMPhotoHandle.h; sourceTree = "<group>"; };
		898DC9FB1CE5BA7E006A01CC /* LMPhotoHandle.m */ = {isa = PBXFileReference; fileEncoding = 4; lastKnownFileType = sourcecode.c.objc; path = LMPhotoHandle.m; sourceTree = "<group>"; };
		8995CCA81CDCA75100D67D67 /* TestFourViewController.h */ = {isa = PBXFileReference; fileEncoding = 4; lastKnownFileType = sourcecode.c.h; path = TestFourViewController.h; sourceTree = "<group>"; };
		8995CCA91CDCA75100D67D67 /* TestFourViewController.m */ = {isa = PBXFileReference; fileEncoding = 4; lastKnownFileType = sourcecode.c.objc; path = TestFourViewController.m; sourceTree = "<group>"; };
		8995CCB41CE0259400D67D67 /* LMBaseRefreshViewController.h */ = {isa = PBXFileReference; fileEncoding = 4; lastKnownFileType = sourcecode.c.h; path = LMBaseRefreshViewController.h; sourceTree = "<group>"; };
		8995CCB51CE0259400D67D67 /* LMBaseRefreshViewController.m */ = {isa = PBXFileReference; fileEncoding = 4; lastKnownFileType = sourcecode.c.objc; path = LMBaseRefreshViewController.m; sourceTree = "<group>"; };
		8995CCB61CE0259400D67D67 /* LMBaseTableViewController.h */ = {isa = PBXFileReference; fileEncoding = 4; lastKnownFileType = sourcecode.c.h; path = LMBaseTableViewController.h; sourceTree = "<group>"; };
		8995CCB71CE0259400D67D67 /* LMBaseTableViewController.m */ = {isa = PBXFileReference; fileEncoding = 4; lastKnownFileType = sourcecode.c.objc; path = LMBaseTableViewController.m; sourceTree = "<group>"; };
		8995CCB81CE0259400D67D67 /* LMCustomRefreshViewController.h */ = {isa = PBXFileReference; fileEncoding = 4; lastKnownFileType = sourcecode.c.h; path = LMCustomRefreshViewController.h; sourceTree = "<group>"; };
		8995CCB91CE0259400D67D67 /* LMCustomRefreshViewController.m */ = {isa = PBXFileReference; fileEncoding = 4; lastKnownFileType = sourcecode.c.objc; path = LMCustomRefreshViewController.m; sourceTree = "<group>"; };
		8995CCBA1CE0259400D67D67 /* LMOriginalRefreshViewController.h */ = {isa = PBXFileReference; fileEncoding = 4; lastKnownFileType = sourcecode.c.h; path = LMOriginalRefreshViewController.h; sourceTree = "<group>"; };
		8995CCBB1CE0259400D67D67 /* LMOriginalRefreshViewController.m */ = {isa = PBXFileReference; fileEncoding = 4; lastKnownFileType = sourcecode.c.objc; path = LMOriginalRefreshViewController.m; sourceTree = "<group>"; };
		8995CCC01CE025A000D67D67 /* LMLoadMoreView.h */ = {isa = PBXFileReference; fileEncoding = 4; lastKnownFileType = sourcecode.c.h; path = LMLoadMoreView.h; sourceTree = "<group>"; };
		8995CCC11CE025A000D67D67 /* LMLoadMoreView.m */ = {isa = PBXFileReference; fileEncoding = 4; lastKnownFileType = sourcecode.c.objc; path = LMLoadMoreView.m; sourceTree = "<group>"; };
		8995CCC21CE025A000D67D67 /* LMLoadMoreView.xib */ = {isa = PBXFileReference; fileEncoding = 4; lastKnownFileType = file.xib; path = LMLoadMoreView.xib; sourceTree = "<group>"; };
		8995CCC41CE025A000D67D67 /* LMRefreshDateSourceLoadEmptyView.h */ = {isa = PBXFileReference; fileEncoding = 4; lastKnownFileType = sourcecode.c.h; path = LMRefreshDateSourceLoadEmptyView.h; sourceTree = "<group>"; };
		8995CCC51CE025A000D67D67 /* LMRefreshDateSourceLoadEmptyView.m */ = {isa = PBXFileReference; fileEncoding = 4; lastKnownFileType = sourcecode.c.objc; path = LMRefreshDateSourceLoadEmptyView.m; sourceTree = "<group>"; };
		8995CCC61CE025A000D67D67 /* LMRefreshDateSourceLoadFailView.h */ = {isa = PBXFileReference; fileEncoding = 4; lastKnownFileType = sourcecode.c.h; path = LMRefreshDateSourceLoadFailView.h; sourceTree = "<group>"; };
		8995CCC71CE025A000D67D67 /* LMRefreshDateSourceLoadFailView.m */ = {isa = PBXFileReference; fileEncoding = 4; lastKnownFileType = sourcecode.c.objc; path = LMRefreshDateSourceLoadFailView.m; sourceTree = "<group>"; };
		8995CCC81CE025A000D67D67 /* LMRefreshDateSourceLoadingView.h */ = {isa = PBXFileReference; fileEncoding = 4; lastKnownFileType = sourcecode.c.h; path = LMRefreshDateSourceLoadingView.h; sourceTree = "<group>"; };
		8995CCC91CE025A000D67D67 /* LMRefreshDateSourceLoadingView.m */ = {isa = PBXFileReference; fileEncoding = 4; lastKnownFileType = sourcecode.c.objc; path = LMRefreshDateSourceLoadingView.m; sourceTree = "<group>"; };
		8995CCCA1CE025A000D67D67 /* LMRefreshDateSourceNetworkErrorView.h */ = {isa = PBXFileReference; fileEncoding = 4; lastKnownFileType = sourcecode.c.h; path = LMRefreshDateSourceNetworkErrorView.h; sourceTree = "<group>"; };
		8995CCCB1CE025A000D67D67 /* LMRefreshDateSourceNetworkErrorView.m */ = {isa = PBXFileReference; fileEncoding = 4; lastKnownFileType = sourcecode.c.objc; path = LMRefreshDateSourceNetworkErrorView.m; sourceTree = "<group>"; };
		8995CCD21CE025AA00D67D67 /* LMPageModel.h */ = {isa = PBXFileReference; fileEncoding = 4; lastKnownFileType = sourcecode.c.h; path = LMPageModel.h; sourceTree = "<group>"; };
		8995CCD31CE025AA00D67D67 /* LMPageModel.m */ = {isa = PBXFileReference; fileEncoding = 4; lastKnownFileType = sourcecode.c.objc; path = LMPageModel.m; sourceTree = "<group>"; };
		8995CCD51CE0291F00D67D67 /* LMBaseTableViewCell.h */ = {isa = PBXFileReference; fileEncoding = 4; lastKnownFileType = sourcecode.c.h; path = LMBaseTableViewCell.h; sourceTree = "<group>"; };
		8995CCD61CE0291F00D67D67 /* LMBaseTableViewCell.m */ = {isa = PBXFileReference; fileEncoding = 4; lastKnownFileType = sourcecode.c.objc; path = LMBaseTableViewCell.m; sourceTree = "<group>"; };
		89B23DD01CA8CC8900B8F364 /* LMButton.h */ = {isa = PBXFileReference; fileEncoding = 4; lastKnownFileType = sourcecode.c.h; path = LMButton.h; sourceTree = "<group>"; };
		89B23DD11CA8CC8900B8F364 /* LMButton.m */ = {isa = PBXFileReference; fileEncoding = 4; lastKnownFileType = sourcecode.c.objc; path = LMButton.m; sourceTree = "<group>"; };
		89B23DD61CA8D0E600B8F364 /* UIFont+Extension.h */ = {isa = PBXFileReference; fileEncoding = 4; lastKnownFileType = sourcecode.c.h; path = "UIFont+Extension.h"; sourceTree = "<group>"; };
		89B23DD71CA8D0E600B8F364 /* UIFont+Extension.m */ = {isa = PBXFileReference; fileEncoding = 4; lastKnownFileType = sourcecode.c.objc; path = "UIFont+Extension.m"; sourceTree = "<group>"; };
		89B23DD91CA8D1BE00B8F364 /* UIColor+Extension.h */ = {isa = PBXFileReference; fileEncoding = 4; lastKnownFileType = sourcecode.c.h; path = "UIColor+Extension.h"; sourceTree = "<group>"; };
		89B23DDA1CA8D1BE00B8F364 /* UIColor+Extension.m */ = {isa = PBXFileReference; fileEncoding = 4; lastKnownFileType = sourcecode.c.objc; path = "UIColor+Extension.m"; sourceTree = "<group>"; };
		89B23DDB1CA8D1BE00B8F364 /* THColor颜色名称图.png */ = {isa = PBXFileReference; lastKnownFileType = image.png; path = "THColor颜色名称图.png"; sourceTree = "<group>"; };
		89B23DDE1CA8D43C00B8F364 /* UIImage+Extension.h */ = {isa = PBXFileReference; fileEncoding = 4; lastKnownFileType = sourcecode.c.h; path = "UIImage+Extension.h"; sourceTree = "<group>"; };
		89B23DDF1CA8D43C00B8F364 /* UIImage+Extension.m */ = {isa = PBXFileReference; fileEncoding = 4; lastKnownFileType = sourcecode.c.objc; path = "UIImage+Extension.m"; sourceTree = "<group>"; };
		89BD35521CBDD55700DC03F7 /* TestOneViewController.h */ = {isa = PBXFileReference; fileEncoding = 4; lastKnownFileType = sourcecode.c.h; path = TestOneViewController.h; sourceTree = "<group>"; };
		89BD35531CBDD55700DC03F7 /* TestOneViewController.m */ = {isa = PBXFileReference; fileEncoding = 4; lastKnownFileType = sourcecode.c.objc; path = TestOneViewController.m; sourceTree = "<group>"; };
		89BD35541CBDD55700DC03F7 /* TestTwoViewController.h */ = {isa = PBXFileReference; fileEncoding = 4; lastKnownFileType = sourcecode.c.h; path = TestTwoViewController.h; sourceTree = "<group>"; };
		89BD35551CBDD55700DC03F7 /* TestTwoViewController.m */ = {isa = PBXFileReference; fileEncoding = 4; lastKnownFileType = sourcecode.c.objc; path = TestTwoViewController.m; sourceTree = "<group>"; };
		89BD35561CBDD55700DC03F7 /* TestViewController.h */ = {isa = PBXFileReference; fileEncoding = 4; lastKnownFileType = sourcecode.c.h; path = TestViewController.h; sourceTree = "<group>"; };
		89BD35571CBDD55700DC03F7 /* TestViewController.m */ = {isa = PBXFileReference; fileEncoding = 4; lastKnownFileType = sourcecode.c.objc; path = TestViewController.m; sourceTree = "<group>"; };
		BB1AB08059F0323C022A96CD /* libPods.a */ = {isa = PBXFileReference; explicitFileType = archive.ar; includeInIndex = 0; path = libPods.a; sourceTree = BUILT_PRODUCTS_DIR; };
		E1CEE6A12A0F38B30C99DEB3 /* Pods.debug.xcconfig */ = {isa = PBXFileReference; includeInIndex = 1; lastKnownFileType = text.xcconfig; name = Pods.debug.xcconfig; path = "Pods/Target Support Files/Pods/Pods.debug.xcconfig"; sourceTree = "<group>"; };
/* End PBXFileReference section */

/* Begin PBXFrameworksBuildPhase section */
		89898A581CA0D86100C47BF6 /* Frameworks */ = {
			isa = PBXFrameworksBuildPhase;
			buildActionMask = 2147483647;
			files = (
				9E1D0D1F00EFBF0CC3BD1FF4 /* libPods.a in Frameworks */,
			);
			runOnlyForDeploymentPostprocessing = 0;
		};
		89898A741CA0D86100C47BF6 /* Frameworks */ = {
			isa = PBXFrameworksBuildPhase;
			buildActionMask = 2147483647;
			files = (
			);
			runOnlyForDeploymentPostprocessing = 0;
		};
		89898A7F1CA0D86100C47BF6 /* Frameworks */ = {
			isa = PBXFrameworksBuildPhase;
			buildActionMask = 2147483647;
			files = (
			);
			runOnlyForDeploymentPostprocessing = 0;
		};
/* End PBXFrameworksBuildPhase section */

/* Begin PBXGroup section */
		89253C7D1CAA269800922136 /* LMNavigationController */ = {
			isa = PBXGroup;
			children = (
				89253C7E1CAA26CE00922136 /* LMNavigationController.h */,
				89253C7F1CAA26CE00922136 /* LMNavigationController.m */,
			);
			path = LMNavigationController;
			sourceTree = "<group>";
		};
		89253C811CAA6F9300922136 /* LMScrollViewController */ = {
			isa = PBXGroup;
			children = (
				89253C821CAA6FB900922136 /* LMBaseScrollViewController.h */,
				89253C831CAA6FB900922136 /* LMBaseScrollViewController.m */,
				89253C891CAA7BBD00922136 /* LMBaseScrollView.h */,
				89253C8A1CAA7BBD00922136 /* LMBaseScrollView.m */,
				8942710C1CB6439E00B7F44D /* LMSegmentScrollView */,
				894271331CB64E3C00B7F44D /* LMLoopScrollView */,
			);
			path = LMScrollViewController;
			sourceTree = "<group>";
		};
		89253C851CAA785300922136 /* LMBaseView */ = {
			isa = PBXGroup;
			children = (
				89253C861CAA788400922136 /* LMBaseView.h */,
				89253C871CAA788400922136 /* LMBaseView.m */,
				897859941CCF370400028B2E /* UIView+Utils.h */,
				897859951CCF370400028B2E /* UIView+Utils.m */,
			);
			path = LMBaseView;
			sourceTree = "<group>";
		};
		8942710C1CB6439E00B7F44D /* LMSegmentScrollView */ = {
			isa = PBXGroup;
			children = (
				8942710D1CB6439E00B7F44D /* LMBadgeView.h */,
				8942710E1CB6439E00B7F44D /* LMBadgeView.m */,
				8942710F1CB6439E00B7F44D /* LMSegmentItem.h */,
				894271101CB6439E00B7F44D /* LMSegmentItem.m */,
				894271111CB6439E00B7F44D /* LMSegmentScrollView.h */,
				894271121CB6439E00B7F44D /* LMSegmentScrollView.m */,
				894271131CB6439E00B7F44D /* LMSegmentView.h */,
				894271141CB6439E00B7F44D /* LMSegmentView.m */,
				894271151CB6439E00B7F44D /* LMSlidingLineSegmentView.h */,
				894271161CB6439E00B7F44D /* LMSlidingLineSegmentView.m */,
				894271171CB6439E00B7F44D /* LMZoomSegmentView.h */,
				894271181CB6439E00B7F44D /* LMZoomSegmentView.m */,
			);
			path = LMSegmentScrollView;
			sourceTree = "<group>";
		};
		894271331CB64E3C00B7F44D /* LMLoopScrollView */ = {
			isa = PBXGroup;
			children = (
				894271341CB64E9800B7F44D /* LMLoopScrollView.h */,
				894271351CB64E9800B7F44D /* LMLoopScrollView.m */,
				8942713B1CB655E300B7F44D /* LMLoopScrollViewModel.h */,
				8942713C1CB655E300B7F44D /* LMLoopScrollViewModel.m */,
				895ECC161CB75961009DD46D /* LMVerticalLoopScrollView.h */,
				895ECC171CB75961009DD46D /* LMVerticalLoopScrollView.m */,
			);
			path = LMLoopScrollView;
			sourceTree = "<group>";
		};
		894271371CB6529200B7F44D /* LMBaseDateSourceModel */ = {
			isa = PBXGroup;
			children = (
				894271381CB652B800B7F44D /* LMBaseDateSourceModel.h */,
				894271391CB652B800B7F44D /* LMBaseDateSourceModel.m */,
			);
			path = LMBaseDateSourceModel;
			sourceTree = "<group>";
		};
		895ECC0D1CB7438A009DD46D /* guideImage */ = {
			isa = PBXGroup;
			children = (
				895ECC0E1CB7438A009DD46D /* guide1.png */,
				895ECC0F1CB7438A009DD46D /* guide2.png */,
				895ECC101CB7438A009DD46D /* guide3.png */,
				895ECC111CB7438A009DD46D /* guide4.png */,
			);
			path = guideImage;
			sourceTree = "<group>";
		};
		896634B11CA4CC1600AC3DBC /* LMStringUtil */ = {
			isa = PBXGroup;
			children = (
				896634B21CA4CE1F00AC3DBC /* LMStringUtil.h */,
				896634B31CA4CE1F00AC3DBC /* LMStringUtil.m */,
			);
			path = LMStringUtil;
			sourceTree = "<group>";
		};
		896634B61CA5054000AC3DBC /* LMCapitalUtil */ = {
			isa = PBXGroup;
			children = (
				896634B71CA5057100AC3DBC /* LMCapitalUtil.h */,
				896634B81CA5057100AC3DBC /* LMCapitalUtil.m */,
			);
			path = LMCapitalUtil;
			sourceTree = "<group>";
		};
		896D33D71CBF278700E70E0B /* SettingsBundle */ = {
			isa = PBXGroup;
			children = (
				896D33D81CBF278700E70E0B /* cmb.plist */,
				896D33D91CBF278700E70E0B /* iqiyi.plist */,
				896D33DA1CBF278700E70E0B /* LMSettingsBundleManager.h */,
				896D33DB1CBF278700E70E0B /* LMSettingsBundleManager.m */,
				896D33DC1CBF278700E70E0B /* Settings.bundle */,
			);
			path = SettingsBundle;
			sourceTree = "<group>";
		};
		896D33E11CBF280000E70E0B /* LMWaxPatchManager */ = {
			isa = PBXGroup;
			children = (
				896D33E21CBF280000E70E0B /* LMWaxPatchManager.h */,
				896D33E31CBF280000E70E0B /* LMWaxPatchManager.m */,
				896D33E41CBF280000E70E0B /* LMWaxPatchManagerKit.h */,
			);
			path = LMWaxPatchManager;
			sourceTree = "<group>";
		};
		896D33E81CBF2B0000E70E0B /* LMNotificationName */ = {
			isa = PBXGroup;
			children = (
				896D33E91CBF2B0000E70E0B /* LMNotificationName.h */,
			);
			path = LMNotificationName;
			sourceTree = "<group>";
		};
		896D33EC1CBF330600E70E0B /* LMAlertUtil */ = {
			isa = PBXGroup;
			children = (
				896D33F31CBF3A8B00E70E0B /* alert_info.plist */,
				896D34051CBF3F7200E70E0B /* WCAlertView */,
				896D34091CBF40D600E70E0B /* LMLeftAlignAlertView */,
				896D33ED1CBF37A200E70E0B /* Toast */,
				896D34021CBF3ECF00E70E0B /* LMAlertUtil.h */,
				896D34031CBF3ECF00E70E0B /* LMAlertUtil.m */,
			);
			path = LMAlertUtil;
			sourceTree = "<group>";
		};
		896D33ED1CBF37A200E70E0B /* Toast */ = {
			isa = PBXGroup;
			children = (
				896D33EE1CBF37A200E70E0B /* UIView+Toast.h */,
				896D33EF1CBF37A200E70E0B /* UIView+Toast.m */,
			);
			path = Toast;
			sourceTree = "<group>";
		};
		896D33F51CBF3ACC00E70E0B /* LMResponder */ = {
			isa = PBXGroup;
			children = (
				896D33F61CBF3AE700E70E0B /* LMResponder.h */,
				896D33F71CBF3AE700E70E0B /* LMResponder.m */,
			);
			path = LMResponder;
			sourceTree = "<group>";
		};
		896D34051CBF3F7200E70E0B /* WCAlertView */ = {
			isa = PBXGroup;
			children = (
				896D34061CBF3F7200E70E0B /* WCAlertView.h */,
				896D34071CBF3F7200E70E0B /* WCAlertView.m */,
			);
			path = WCAlertView;
			sourceTree = "<group>";
		};
		896D34091CBF40D600E70E0B /* LMLeftAlignAlertView */ = {
			isa = PBXGroup;
			children = (
				896D340A1CBF40EF00E70E0B /* JCAlertView.h */,
				896D340B1CBF40EF00E70E0B /* JCAlertView.m */,
			);
			path = LMLeftAlignAlertView;
			sourceTree = "<group>";
		};
		897859971CCF401700028B2E /* LMRefreshUtil */ = {
			isa = PBXGroup;
			children = (
				8995CCB21CE024EE00D67D67 /* ViewController */,
				8995CCB11CE024E300D67D67 /* View */,
				8995CCB31CE024F700D67D67 /* Model */,
				897859981CCF402900028B2E /* SVPullToRefresh */,
			);
			path = LMRefreshUtil;
			sourceTree = "<group>";
		};
		897859981CCF402900028B2E /* SVPullToRefresh */ = {
			isa = PBXGroup;
			children = (
				897859991CCF402900028B2E /* SVPullToRefresh.h */,
				8978599A1CCF402900028B2E /* UIScrollView+SVInfiniteScrolling.h */,
				8978599B1CCF402900028B2E /* UIScrollView+SVInfiniteScrolling.m */,
				8978599C1CCF402900028B2E /* UIScrollView+SVPullToRefresh.h */,
				8978599D1CCF402900028B2E /* UIScrollView+SVPullToRefresh.m */,
			);
			path = SVPullToRefresh;
			sourceTree = "<group>";
		};
		897949201CA3C6B300298420 /* Header */ = {
			isa = PBXGroup;
			children = (
				897949211CA3C6EC00298420 /* LMCommonkitHeader.h */,
				896634B51CA4D8B200AC3DBC /* LMInputLimit.h */,
				896634BA1CA5098C00AC3DBC /* LMColor.h */,
				896634BB1CA5098C00AC3DBC /* LMColor.m */,
			);
			path = Header;
			sourceTree = "<group>";
		};
		89898A521CA0D86100C47BF6 = {
			isa = PBXGroup;
			children = (
				898DC9F91CE5BA7E006A01CC /* LMPhotoHandle */,
				897859971CCF401700028B2E /* LMRefreshUtil */,
				896D33F51CBF3ACC00E70E0B /* LMResponder */,
				896D33EC1CBF330600E70E0B /* LMAlertUtil */,
				896D33E81CBF2B0000E70E0B /* LMNotificationName */,
				896D33E11CBF280000E70E0B /* LMWaxPatchManager */,
				896D33D71CBF278700E70E0B /* SettingsBundle */,
				894271371CB6529200B7F44D /* LMBaseDateSourceModel */,
				89253C851CAA785300922136 /* LMBaseView */,
				89253C811CAA6F9300922136 /* LMScrollViewController */,
				89253C7D1CAA269800922136 /* LMNavigationController */,
				89B23DD51CA8D02900B8F364 /* LMUIFont */,
				89B23DD41CA8D01500B8F364 /* LMUIColor */,
				89B23DD31CA8D00300B8F364 /* LMUIImage */,
				89B23DCF1CA8CC5F00B8F364 /* LMButton */,
				896634B61CA5054000AC3DBC /* LMCapitalUtil */,
				896634B11CA4CC1600AC3DBC /* LMStringUtil */,
				897949201CA3C6B300298420 /* Header */,
				89898A981CA0D9DC00C47BF6 /* LMViewControllerManager */,
				89898A941CA0D96E00C47BF6 /* LMBaseViewController */,
				89898A5D1CA0D86100C47BF6 /* LMCommonKit */,
				89898A7A1CA0D86100C47BF6 /* LMCommonKitTests */,
				89898A851CA0D86100C47BF6 /* LMCommonKitUITests */,
				89898A5C1CA0D86100C47BF6 /* Products */,
				969E3EF1904FEF75E8226E9F /* Pods */,
				99EB0ED0065DA71CDB8BBFAC /* Frameworks */,
			);
			sourceTree = "<group>";
		};
		89898A5C1CA0D86100C47BF6 /* Products */ = {
			isa = PBXGroup;
			children = (
				89898A5B1CA0D86100C47BF6 /* LMCommonKit.app */,
				89898A771CA0D86100C47BF6 /* LMCommonKitTests.xctest */,
				89898A821CA0D86100C47BF6 /* LMCommonKitUITests.xctest */,
			);
			name = Products;
			sourceTree = "<group>";
		};
		89898A5D1CA0D86100C47BF6 /* LMCommonKit */ = {
			isa = PBXGroup;
			children = (
				89898A611CA0D86100C47BF6 /* AppDelegate.h */,
				89898A621CA0D86100C47BF6 /* AppDelegate.m */,
				89BD35561CBDD55700DC03F7 /* TestViewController.h */,
				89BD35571CBDD55700DC03F7 /* TestViewController.m */,
				89BD35521CBDD55700DC03F7 /* TestOneViewController.h */,
				89BD35531CBDD55700DC03F7 /* TestOneViewController.m */,
				89BD35541CBDD55700DC03F7 /* TestTwoViewController.h */,
				89BD35551CBDD55700DC03F7 /* TestTwoViewController.m */,
				89626C3E1CD1BEF600E039A7 /* TestThreeViewController.h */,
				89626C3F1CD1BEF600E039A7 /* TestThreeViewController.m */,
				8995CCA81CDCA75100D67D67 /* TestFourViewController.h */,
				8995CCA91CDCA75100D67D67 /* TestFourViewController.m */,
				89898A5E1CA0D86100C47BF6 /* Supporting Files */,
			);
			path = LMCommonKit;
			sourceTree = "<group>";
		};
		89898A5E1CA0D86100C47BF6 /* Supporting Files */ = {
			isa = PBXGroup;
			children = (
				895ECC0D1CB7438A009DD46D /* guideImage */,
				89898A6D1CA0D86100C47BF6 /* Assets.xcassets */,
				89898A6F1CA0D86100C47BF6 /* LaunchScreen.storyboard */,
				89898A721CA0D86100C47BF6 /* Info.plist */,
				89898A5F1CA0D86100C47BF6 /* main.m */,
			);
			name = "Supporting Files";
			sourceTree = "<group>";
		};
		89898A7A1CA0D86100C47BF6 /* LMCommonKitTests */ = {
			isa = PBXGroup;
			children = (
				89898A7B1CA0D86100C47BF6 /* LMCommonKitTests.m */,
				89898A7D1CA0D86100C47BF6 /* Info.plist */,
			);
			path = LMCommonKitTests;
			sourceTree = "<group>";
		};
		89898A851CA0D86100C47BF6 /* LMCommonKitUITests */ = {
			isa = PBXGroup;
			children = (
				89898A861CA0D86100C47BF6 /* LMCommonKitUITests.m */,
				89898A881CA0D86100C47BF6 /* Info.plist */,
			);
			path = LMCommonKitUITests;
			sourceTree = "<group>";
		};
		89898A941CA0D96E00C47BF6 /* LMBaseViewController */ = {
			isa = PBXGroup;
			children = (
				89898A951CA0D98100C47BF6 /* LMBaseViewController.h */,
				89898A961CA0D98100C47BF6 /* LMBaseViewController.m */,
			);
			path = LMBaseViewController;
			sourceTree = "<group>";
		};
		89898A981CA0D9DC00C47BF6 /* LMViewControllerManager */ = {
			isa = PBXGroup;
			children = (
				89898A991CA0D9F200C47BF6 /* LMViewControllerManager.h */,
				89898A9A1CA0D9F200C47BF6 /* LMViewControllerManager.m */,
			);
			path = LMViewControllerManager;
			sourceTree = "<group>";
		};
		898DC9F91CE5BA7E006A01CC /* LMPhotoHandle */ = {
			isa = PBXGroup;
			children = (
				898DC9FA1CE5BA7E006A01CC /* LMPhotoHandle.h */,
				898DC9FB1CE5BA7E006A01CC /* LMPhotoHandle.m */,
			);
			path = LMPhotoHandle;
			sourceTree = "<group>";
		};
		8995CCB11CE024E300D67D67 /* View */ = {
			isa = PBXGroup;
			children = (
				8995CCD51CE0291F00D67D67 /* LMBaseTableViewCell.h */,
				8995CCD61CE0291F00D67D67 /* LMBaseTableViewCell.m */,
				8995CCC01CE025A000D67D67 /* LMLoadMoreView.h */,
				8995CCC11CE025A000D67D67 /* LMLoadMoreView.m */,
				8995CCC21CE025A000D67D67 /* LMLoadMoreView.xib */,
				8995CCC31CE025A000D67D67 /* LMRefreshDateSourceStatus */,
			);
			path = View;
			sourceTree = "<group>";
		};
		8995CCB21CE024EE00D67D67 /* ViewController */ = {
			isa = PBXGroup;
			children = (
				8995CCB61CE0259400D67D67 /* LMBaseTableViewController.h */,
				8995CCB71CE0259400D67D67 /* LMBaseTableViewController.m */,
				8995CCB41CE0259400D67D67 /* LMBaseRefreshViewController.h */,
				8995CCB51CE0259400D67D67 /* LMBaseRefreshViewController.m */,
				8995CCB81CE0259400D67D67 /* LMCustomRefreshViewController.h */,
				8995CCB91CE0259400D67D67 /* LMCustomRefreshViewController.m */,
				8995CCBA1CE0259400D67D67 /* LMOriginalRefreshViewController.h */,
				8995CCBB1CE0259400D67D67 /* LMOriginalRefreshViewController.m */,
			);
			path = ViewController;
			sourceTree = "<group>";
		};
		8995CCB31CE024F700D67D67 /* Model */ = {
			isa = PBXGroup;
			children = (
				8995CCD21CE025AA00D67D67 /* LMPageModel.h */,
				8995CCD31CE025AA00D67D67 /* LMPageModel.m */,
			);
			path = Model;
			sourceTree = "<group>";
		};
		8995CCC31CE025A000D67D67 /* LMRefreshDateSourceStatus */ = {
			isa = PBXGroup;
			children = (
				8995CCC41CE025A000D67D67 /* LMRefreshDateSourceLoadEmptyView.h */,
				8995CCC51CE025A000D67D67 /* LMRefreshDateSourceLoadEmptyView.m */,
				8995CCC61CE025A000D67D67 /* LMRefreshDateSourceLoadFailView.h */,
				8995CCC71CE025A000D67D67 /* LMRefreshDateSourceLoadFailView.m */,
				8995CCC81CE025A000D67D67 /* LMRefreshDateSourceLoadingView.h */,
				8995CCC91CE025A000D67D67 /* LMRefreshDateSourceLoadingView.m */,
				8995CCCA1CE025A000D67D67 /* LMRefreshDateSourceNetworkErrorView.h */,
				8995CCCB1CE025A000D67D67 /* LMRefreshDateSourceNetworkErrorView.m */,
			);
			path = LMRefreshDateSourceStatus;
			sourceTree = "<group>";
		};
		89B23DCF1CA8CC5F00B8F364 /* LMButton */ = {
			isa = PBXGroup;
			children = (
				89B23DD01CA8CC8900B8F364 /* LMButton.h */,
				89B23DD11CA8CC8900B8F364 /* LMButton.m */,
			);
			path = LMButton;
			sourceTree = "<group>";
		};
		89B23DD31CA8D00300B8F364 /* LMUIImage */ = {
			isa = PBXGroup;
			children = (
				897859911CCF36EF00028B2E /* UIImage+GIF.h */,
				897859921CCF36EF00028B2E /* UIImage+GIF.m */,
				89B23DDE1CA8D43C00B8F364 /* UIImage+Extension.h */,
				89B23DDF1CA8D43C00B8F364 /* UIImage+Extension.m */,
			);
			path = LMUIImage;
			sourceTree = "<group>";
		};
		89B23DD41CA8D01500B8F364 /* LMUIColor */ = {
			isa = PBXGroup;
			children = (
				89B23DD91CA8D1BE00B8F364 /* UIColor+Extension.h */,
				89B23DDA1CA8D1BE00B8F364 /* UIColor+Extension.m */,
				89B23DDB1CA8D1BE00B8F364 /* THColor颜色名称图.png */,
			);
			path = LMUIColor;
			sourceTree = "<group>";
		};
		89B23DD51CA8D02900B8F364 /* LMUIFont */ = {
			isa = PBXGroup;
			children = (
				89B23DD61CA8D0E600B8F364 /* UIFont+Extension.h */,
				89B23DD71CA8D0E600B8F364 /* UIFont+Extension.m */,
			);
			path = LMUIFont;
			sourceTree = "<group>";
		};
		969E3EF1904FEF75E8226E9F /* Pods */ = {
			isa = PBXGroup;
			children = (
				E1CEE6A12A0F38B30C99DEB3 /* Pods.debug.xcconfig */,
				7B5F63887E2520FABD28ABD2 /* Pods.release.xcconfig */,
			);
			name = Pods;
			sourceTree = "<group>";
		};
		99EB0ED0065DA71CDB8BBFAC /* Frameworks */ = {
			isa = PBXGroup;
			children = (
				BB1AB08059F0323C022A96CD /* libPods.a */,
			);
			name = Frameworks;
			sourceTree = "<group>";
		};
/* End PBXGroup section */

/* Begin PBXNativeTarget section */
		89898A5A1CA0D86100C47BF6 /* LMCommonKit */ = {
			isa = PBXNativeTarget;
			buildConfigurationList = 89898A8B1CA0D86100C47BF6 /* Build configuration list for PBXNativeTarget "LMCommonKit" */;
			buildPhases = (
				BCAE2B844DF9E0B405A371E1 /* Check Pods Manifest.lock */,
				89898A571CA0D86100C47BF6 /* Sources */,
				89898A581CA0D86100C47BF6 /* Frameworks */,
				89898A591CA0D86100C47BF6 /* Resources */,
				483D9839A7E8B8156D5A0B5B /* Embed Pods Frameworks */,
				E025441F69406DC0FF4C2513 /* Copy Pods Resources */,
			);
			buildRules = (
			);
			dependencies = (
			);
			name = LMCommonKit;
			productName = LMCommonKit;
			productReference = 89898A5B1CA0D86100C47BF6 /* LMCommonKit.app */;
			productType = "com.apple.product-type.application";
		};
		89898A761CA0D86100C47BF6 /* LMCommonKitTests */ = {
			isa = PBXNativeTarget;
			buildConfigurationList = 89898A8E1CA0D86100C47BF6 /* Build configuration list for PBXNativeTarget "LMCommonKitTests" */;
			buildPhases = (
				89898A731CA0D86100C47BF6 /* Sources */,
				89898A741CA0D86100C47BF6 /* Frameworks */,
				89898A751CA0D86100C47BF6 /* Resources */,
			);
			buildRules = (
			);
			dependencies = (
				89898A791CA0D86100C47BF6 /* PBXTargetDependency */,
			);
			name = LMCommonKitTests;
			productName = LMCommonKitTests;
			productReference = 89898A771CA0D86100C47BF6 /* LMCommonKitTests.xctest */;
			productType = "com.apple.product-type.bundle.unit-test";
		};
		89898A811CA0D86100C47BF6 /* LMCommonKitUITests */ = {
			isa = PBXNativeTarget;
			buildConfigurationList = 89898A911CA0D86100C47BF6 /* Build configuration list for PBXNativeTarget "LMCommonKitUITests" */;
			buildPhases = (
				89898A7E1CA0D86100C47BF6 /* Sources */,
				89898A7F1CA0D86100C47BF6 /* Frameworks */,
				89898A801CA0D86100C47BF6 /* Resources */,
			);
			buildRules = (
			);
			dependencies = (
				89898A841CA0D86100C47BF6 /* PBXTargetDependency */,
			);
			name = LMCommonKitUITests;
			productName = LMCommonKitUITests;
			productReference = 89898A821CA0D86100C47BF6 /* LMCommonKitUITests.xctest */;
			productType = "com.apple.product-type.bundle.ui-testing";
		};
/* End PBXNativeTarget section */

/* Begin PBXProject section */
		89898A531CA0D86100C47BF6 /* Project object */ = {
			isa = PBXProject;
			attributes = {
				LastUpgradeCheck = 0720;
				ORGANIZATIONNAME = "Hangzhou TaiXuan Network Technology Co., Ltd.";
				TargetAttributes = {
					89898A5A1CA0D86100C47BF6 = {
						CreatedOnToolsVersion = 7.2.1;
					};
					89898A761CA0D86100C47BF6 = {
						CreatedOnToolsVersion = 7.2.1;
						TestTargetID = 89898A5A1CA0D86100C47BF6;
					};
					89898A811CA0D86100C47BF6 = {
						CreatedOnToolsVersion = 7.2.1;
						TestTargetID = 89898A5A1CA0D86100C47BF6;
					};
				};
			};
			buildConfigurationList = 89898A561CA0D86100C47BF6 /* Build configuration list for PBXProject "LMCommonKit" */;
			compatibilityVersion = "Xcode 3.2";
			developmentRegion = English;
			hasScannedForEncodings = 0;
			knownRegions = (
				en,
				Base,
			);
			mainGroup = 89898A521CA0D86100C47BF6;
			productRefGroup = 89898A5C1CA0D86100C47BF6 /* Products */;
			projectDirPath = "";
			projectRoot = "";
			targets = (
				89898A5A1CA0D86100C47BF6 /* LMCommonKit */,
				89898A761CA0D86100C47BF6 /* LMCommonKitTests */,
				89898A811CA0D86100C47BF6 /* LMCommonKitUITests */,
			);
		};
/* End PBXProject section */

/* Begin PBXResourcesBuildPhase section */
		89898A591CA0D86100C47BF6 /* Resources */ = {
			isa = PBXResourcesBuildPhase;
			buildActionMask = 2147483647;
			files = (
				896D33F41CBF3A8B00E70E0B /* alert_info.plist in Resources */,
				895ECC141CB7438A009DD46D /* guide3.png in Resources */,
				895ECC131CB7438A009DD46D /* guide2.png in Resources */,
				896D33E01CBF278700E70E0B /* Settings.bundle in Resources */,
				895ECC121CB7438A009DD46D /* guide1.png in Resources */,
				896D33DE1CBF278700E70E0B /* iqiyi.plist in Resources */,
				89B23DDD1CA8D1BE00B8F364 /* THColor颜色名称图.png in Resources */,
				895ECC151CB7438A009DD46D /* guide4.png in Resources */,
				896D33DD1CBF278700E70E0B /* cmb.plist in Resources */,
				89898A711CA0D86100C47BF6 /* LaunchScreen.storyboard in Resources */,
				8995CCCD1CE025A000D67D67 /* LMLoadMoreView.xib in Resources */,
				89898A6E1CA0D86100C47BF6 /* Assets.xcassets in Resources */,
			);
			runOnlyForDeploymentPostprocessing = 0;
		};
		89898A751CA0D86100C47BF6 /* Resources */ = {
			isa = PBXResourcesBuildPhase;
			buildActionMask = 2147483647;
			files = (
			);
			runOnlyForDeploymentPostprocessing = 0;
		};
		89898A801CA0D86100C47BF6 /* Resources */ = {
			isa = PBXResourcesBuildPhase;
			buildActionMask = 2147483647;
			files = (
			);
			runOnlyForDeploymentPostprocessing = 0;
		};
/* End PBXResourcesBuildPhase section */

/* Begin PBXShellScriptBuildPhase section */
		483D9839A7E8B8156D5A0B5B /* Embed Pods Frameworks */ = {
			isa = PBXShellScriptBuildPhase;
			buildActionMask = 2147483647;
			files = (
			);
			inputPaths = (
			);
			name = "Embed Pods Frameworks";
			outputPaths = (
			);
			runOnlyForDeploymentPostprocessing = 0;
			shellPath = /bin/sh;
			shellScript = "\"${SRCROOT}/Pods/Target Support Files/Pods/Pods-frameworks.sh\"\n";
			showEnvVarsInLog = 0;
		};
		BCAE2B844DF9E0B405A371E1 /* Check Pods Manifest.lock */ = {
			isa = PBXShellScriptBuildPhase;
			buildActionMask = 2147483647;
			files = (
			);
			inputPaths = (
			);
			name = "Check Pods Manifest.lock";
			outputPaths = (
			);
			runOnlyForDeploymentPostprocessing = 0;
			shellPath = /bin/sh;
			shellScript = "diff \"${PODS_ROOT}/../Podfile.lock\" \"${PODS_ROOT}/Manifest.lock\" > /dev/null\nif [[ $? != 0 ]] ; then\n    cat << EOM\nerror: The sandbox is not in sync with the Podfile.lock. Run 'pod install' or update your CocoaPods installation.\nEOM\n    exit 1\nfi\n";
			showEnvVarsInLog = 0;
		};
		E025441F69406DC0FF4C2513 /* Copy Pods Resources */ = {
			isa = PBXShellScriptBuildPhase;
			buildActionMask = 2147483647;
			files = (
			);
			inputPaths = (
			);
			name = "Copy Pods Resources";
			outputPaths = (
			);
			runOnlyForDeploymentPostprocessing = 0;
			shellPath = /bin/sh;
			shellScript = "\"${SRCROOT}/Pods/Target Support Files/Pods/Pods-resources.sh\"\n";
			showEnvVarsInLog = 0;
		};
/* End PBXShellScriptBuildPhase section */

/* Begin PBXSourcesBuildPhase section */
		89898A571CA0D86100C47BF6 /* Sources */ = {
			isa = PBXSourcesBuildPhase;
			buildActionMask = 2147483647;
			files = (
				89898A631CA0D86100C47BF6 /* AppDelegate.m in Sources */,
				8995CCCF1CE025A000D67D67 /* LMRefreshDateSourceLoadFailView.m in Sources */,
				8995CCD11CE025A000D67D67 /* LMRefreshDateSourceNetworkErrorView.m in Sources */,
				89253C8B1CAA7BBD00922136 /* LMBaseScrollView.m in Sources */,
				89BD355A1CBDD55700DC03F7 /* TestViewController.m in Sources */,
				8942713D1CB655E300B7F44D /* LMLoopScrollViewModel.m in Sources */,
				896D33E51CBF280000E70E0B /* LMWaxPatchManager.m in Sources */,
				8995CCBE1CE0259400D67D67 /* LMCustomRefreshViewController.m in Sources */,
				896D34081CBF3F7200E70E0B /* WCAlertView.m in Sources */,
				8942711E1CB6439E00B7F44D /* LMZoomSegmentView.m in Sources */,
				896634B41CA4CE1F00AC3DBC /* LMStringUtil.m in Sources */,
				8978599F1CCF402900028B2E /* UIScrollView+SVPullToRefresh.m in Sources */,
				89B23DD21CA8CC8900B8F364 /* LMButton.m in Sources */,
				896D34041CBF3ECF00E70E0B /* LMAlertUtil.m in Sources */,
				894271361CB64E9800B7F44D /* LMLoopScrollView.m in Sources */,
				8995CCD41CE025AA00D67D67 /* LMPageModel.m in Sources */,
				89898A971CA0D98100C47BF6 /* LMBaseViewController.m in Sources */,
				8942711C1CB6439E00B7F44D /* LMSegmentView.m in Sources */,
				8995CCD01CE025A000D67D67 /* LMRefreshDateSourceLoadingView.m in Sources */,
				8995CCD71CE0291F00D67D67 /* LMBaseTableViewCell.m in Sources */,
				8942711B1CB6439E00B7F44D /* LMSegmentScrollView.m in Sources */,
				896634BC1CA5098C00AC3DBC /* LMColor.m in Sources */,
				8942711D1CB6439E00B7F44D /* LMSlidingLineSegmentView.m in Sources */,
				8995CCBD1CE0259400D67D67 /* LMBaseTableViewController.m in Sources */,
				895ECC181CB75961009DD46D /* LMVerticalLoopScrollView.m in Sources */,
				8995CCAA1CDCA75100D67D67 /* TestFourViewController.m in Sources */,
				8995CCCC1CE025A000D67D67 /* LMLoadMoreView.m in Sources */,
				8995CCBC1CE0259400D67D67 /* LMBaseRefreshViewController.m in Sources */,
				896D340C1CBF40EF00E70E0B /* JCAlertView.m in Sources */,
				8978599E1CCF402900028B2E /* UIScrollView+SVInfiniteScrolling.m in Sources */,
				897859931CCF36EF00028B2E /* UIImage+GIF.m in Sources */,
				89B23DD81CA8D0E600B8F364 /* UIFont+Extension.m in Sources */,
				89898A601CA0D86100C47BF6 /* main.m in Sources */,
				8942711A1CB6439E00B7F44D /* LMSegmentItem.m in Sources */,
				89B23DDC1CA8D1BE00B8F364 /* UIColor+Extension.m in Sources */,
				896D33F81CBF3AE700E70E0B /* LMResponder.m in Sources */,
				89253C841CAA6FB900922136 /* LMBaseScrollViewController.m in Sources */,
				894271191CB6439E00B7F44D /* LMBadgeView.m in Sources */,
				89626C401CD1BEF600E039A7 /* TestThreeViewController.m in Sources */,
				8942713A1CB652B800B7F44D /* LMBaseDateSourceModel.m in Sources */,
				89BD35591CBDD55700DC03F7 /* TestTwoViewController.m in Sources */,
				898DC9FC1CE5BA7E006A01CC /* LMPhotoHandle.m in Sources */,
				89898A9B1CA0D9F200C47BF6 /* LMViewControllerManager.m in Sources */,
				896D33F01CBF37A200E70E0B /* UIView+Toast.m in Sources */,
				8995CCCE1CE025A000D67D67 /* LMRefreshDateSourceLoadEmptyView.m in Sources */,
				89253C801CAA26CE00922136 /* LMNavigationController.m in Sources */,
				8995CCBF1CE0259400D67D67 /* LMOriginalRefreshViewController.m in Sources */,
				89B23DE01CA8D43C00B8F364 /* UIImage+Extension.m in Sources */,
				896D33DF1CBF278700E70E0B /* LMSettingsBundleManager.m in Sources */,
				89BD35581CBDD55700DC03F7 /* TestOneViewController.m in Sources */,
				896634B91CA5057100AC3DBC /* LMCapitalUtil.m in Sources */,
				897859961CCF370400028B2E /* UIView+Utils.m in Sources */,
				89253C881CAA788400922136 /* LMBaseView.m in Sources */,
			);
			runOnlyForDeploymentPostprocessing = 0;
		};
		89898A731CA0D86100C47BF6 /* Sources */ = {
			isa = PBXSourcesBuildPhase;
			buildActionMask = 2147483647;
			files = (
				89898A7C1CA0D86100C47BF6 /* LMCommonKitTests.m in Sources */,
			);
			runOnlyForDeploymentPostprocessing = 0;
		};
		89898A7E1CA0D86100C47BF6 /* Sources */ = {
			isa = PBXSourcesBuildPhase;
			buildActionMask = 2147483647;
			files = (
				89898A871CA0D86100C47BF6 /* LMCommonKitUITests.m in Sources */,
			);
			runOnlyForDeploymentPostprocessing = 0;
		};
/* End PBXSourcesBuildPhase section */

/* Begin PBXTargetDependency section */
		89898A791CA0D86100C47BF6 /* PBXTargetDependency */ = {
			isa = PBXTargetDependency;
			target = 89898A5A1CA0D86100C47BF6 /* LMCommonKit */;
			targetProxy = 89898A781CA0D86100C47BF6 /* PBXContainerItemProxy */;
		};
		89898A841CA0D86100C47BF6 /* PBXTargetDependency */ = {
			isa = PBXTargetDependency;
			target = 89898A5A1CA0D86100C47BF6 /* LMCommonKit */;
			targetProxy = 89898A831CA0D86100C47BF6 /* PBXContainerItemProxy */;
		};
/* End PBXTargetDependency section */

/* Begin PBXVariantGroup section */
		89898A6F1CA0D86100C47BF6 /* LaunchScreen.storyboard */ = {
			isa = PBXVariantGroup;
			children = (
				89898A701CA0D86100C47BF6 /* Base */,
			);
			name = LaunchScreen.storyboard;
			sourceTree = "<group>";
		};
/* End PBXVariantGroup section */

/* Begin XCBuildConfiguration section */
		89898A891CA0D86100C47BF6 /* Debug */ = {
			isa = XCBuildConfiguration;
			buildSettings = {
				ALWAYS_SEARCH_USER_PATHS = NO;
				CLANG_CXX_LANGUAGE_STANDARD = "gnu++0x";
				CLANG_CXX_LIBRARY = "libc++";
				CLANG_ENABLE_MODULES = YES;
				CLANG_ENABLE_OBJC_ARC = YES;
				CLANG_WARN_BOOL_CONVERSION = YES;
				CLANG_WARN_CONSTANT_CONVERSION = YES;
				CLANG_WARN_DIRECT_OBJC_ISA_USAGE = YES_ERROR;
				CLANG_WARN_EMPTY_BODY = YES;
				CLANG_WARN_ENUM_CONVERSION = YES;
				CLANG_WARN_INT_CONVERSION = YES;
				CLANG_WARN_OBJC_ROOT_CLASS = YES_ERROR;
				CLANG_WARN_UNREACHABLE_CODE = YES;
				CLANG_WARN__DUPLICATE_METHOD_MATCH = YES;
				"CODE_SIGN_IDENTITY[sdk=iphoneos*]" = "iPhone Developer";
				COPY_PHASE_STRIP = NO;
				DEBUG_INFORMATION_FORMAT = dwarf;
				ENABLE_STRICT_OBJC_MSGSEND = YES;
				ENABLE_TESTABILITY = YES;
				GCC_C_LANGUAGE_STANDARD = gnu99;
				GCC_DYNAMIC_NO_PIC = NO;
				GCC_NO_COMMON_BLOCKS = YES;
				GCC_OPTIMIZATION_LEVEL = 0;
				GCC_PREPROCESSOR_DEFINITIONS = (
					"DEBUG=1",
					"$(inherited)",
				);
				GCC_WARN_64_TO_32_BIT_CONVERSION = YES;
				GCC_WARN_ABOUT_RETURN_TYPE = YES_ERROR;
				GCC_WARN_UNDECLARED_SELECTOR = YES;
				GCC_WARN_UNINITIALIZED_AUTOS = YES_AGGRESSIVE;
				GCC_WARN_UNUSED_FUNCTION = YES;
				GCC_WARN_UNUSED_VARIABLE = YES;
				IPHONEOS_DEPLOYMENT_TARGET = 9.2;
				MTL_ENABLE_DEBUG_INFO = YES;
				ONLY_ACTIVE_ARCH = YES;
				SDKROOT = iphoneos;
				TARGETED_DEVICE_FAMILY = "1,2";
			};
			name = Debug;
		};
		89898A8A1CA0D86100C47BF6 /* Release */ = {
			isa = XCBuildConfiguration;
			buildSettings = {
				ALWAYS_SEARCH_USER_PATHS = NO;
				CLANG_CXX_LANGUAGE_STANDARD = "gnu++0x";
				CLANG_CXX_LIBRARY = "libc++";
				CLANG_ENABLE_MODULES = YES;
				CLANG_ENABLE_OBJC_ARC = YES;
				CLANG_WARN_BOOL_CONVERSION = YES;
				CLANG_WARN_CONSTANT_CONVERSION = YES;
				CLANG_WARN_DIRECT_OBJC_ISA_USAGE = YES_ERROR;
				CLANG_WARN_EMPTY_BODY = YES;
				CLANG_WARN_ENUM_CONVERSION = YES;
				CLANG_WARN_INT_CONVERSION = YES;
				CLANG_WARN_OBJC_ROOT_CLASS = YES_ERROR;
				CLANG_WARN_UNREACHABLE_CODE = YES;
				CLANG_WARN__DUPLICATE_METHOD_MATCH = YES;
				"CODE_SIGN_IDENTITY[sdk=iphoneos*]" = "iPhone Developer";
				COPY_PHASE_STRIP = NO;
				DEBUG_INFORMATION_FORMAT = "dwarf-with-dsym";
				ENABLE_NS_ASSERTIONS = NO;
				ENABLE_STRICT_OBJC_MSGSEND = YES;
				GCC_C_LANGUAGE_STANDARD = gnu99;
				GCC_NO_COMMON_BLOCKS = YES;
				GCC_WARN_64_TO_32_BIT_CONVERSION = YES;
				GCC_WARN_ABOUT_RETURN_TYPE = YES_ERROR;
				GCC_WARN_UNDECLARED_SELECTOR = YES;
				GCC_WARN_UNINITIALIZED_AUTOS = YES_AGGRESSIVE;
				GCC_WARN_UNUSED_FUNCTION = YES;
				GCC_WARN_UNUSED_VARIABLE = YES;
				IPHONEOS_DEPLOYMENT_TARGET = 9.2;
				MTL_ENABLE_DEBUG_INFO = NO;
				SDKROOT = iphoneos;
				TARGETED_DEVICE_FAMILY = "1,2";
				VALIDATE_PRODUCT = YES;
			};
			name = Release;
		};
		89898A8C1CA0D86100C47BF6 /* Debug */ = {
			isa = XCBuildConfiguration;
			baseConfigurationReference = E1CEE6A12A0F38B30C99DEB3 /* Pods.debug.xcconfig */;
			buildSettings = {
				ASSETCATALOG_COMPILER_APPICON_NAME = AppIcon;
				INFOPLIST_FILE = LMCommonKit/Info.plist;
				IPHONEOS_DEPLOYMENT_TARGET = 7.0;
				LD_RUNPATH_SEARCH_PATHS = "$(inherited) @executable_path/Frameworks";
				PRODUCT_BUNDLE_IDENTIFIER = com.taihe.LMCommonKit;
				PRODUCT_NAME = "$(TARGET_NAME)";
			};
			name = Debug;
		};
		89898A8D1CA0D86100C47BF6 /* Release */ = {
			isa = XCBuildConfiguration;
			baseConfigurationReference = 7B5F63887E2520FABD28ABD2 /* Pods.release.xcconfig */;
			buildSettings = {
				ASSETCATALOG_COMPILER_APPICON_NAME = AppIcon;
				INFOPLIST_FILE = LMCommonKit/Info.plist;
				IPHONEOS_DEPLOYMENT_TARGET = 7.0;
				LD_RUNPATH_SEARCH_PATHS = "$(inherited) @executable_path/Frameworks";
				PRODUCT_BUNDLE_IDENTIFIER = com.taihe.LMCommonKit;
				PRODUCT_NAME = "$(TARGET_NAME)";
			};
			name = Release;
		};
		89898A8F1CA0D86100C47BF6 /* Debug */ = {
			isa = XCBuildConfiguration;
			buildSettings = {
				BUNDLE_LOADER = "$(TEST_HOST)";
				INFOPLIST_FILE = LMCommonKitTests/Info.plist;
				LD_RUNPATH_SEARCH_PATHS = "$(inherited) @executable_path/Frameworks @loader_path/Frameworks";
				PRODUCT_BUNDLE_IDENTIFIER = com.taihe.LMCommonKitTests;
				PRODUCT_NAME = "$(TARGET_NAME)";
				TEST_HOST = "$(BUILT_PRODUCTS_DIR)/LMCommonKit.app/LMCommonKit";
			};
			name = Debug;
		};
		89898A901CA0D86100C47BF6 /* Release */ = {
			isa = XCBuildConfiguration;
			buildSettings = {
				BUNDLE_LOADER = "$(TEST_HOST)";
				INFOPLIST_FILE = LMCommonKitTests/Info.plist;
				LD_RUNPATH_SEARCH_PATHS = "$(inherited) @executable_path/Frameworks @loader_path/Frameworks";
				PRODUCT_BUNDLE_IDENTIFIER = com.taihe.LMCommonKitTests;
				PRODUCT_NAME = "$(TARGET_NAME)";
				TEST_HOST = "$(BUILT_PRODUCTS_DIR)/LMCommonKit.app/LMCommonKit";
			};
			name = Release;
		};
		89898A921CA0D86100C47BF6 /* Debug */ = {
			isa = XCBuildConfiguration;
			buildSettings = {
				INFOPLIST_FILE = LMCommonKitUITests/Info.plist;
				LD_RUNPATH_SEARCH_PATHS = "$(inherited) @executable_path/Frameworks @loader_path/Frameworks";
				PRODUCT_BUNDLE_IDENTIFIER = com.taihe.LMCommonKitUITests;
				PRODUCT_NAME = "$(TARGET_NAME)";
				TEST_TARGET_NAME = LMCommonKit;
				USES_XCTRUNNER = YES;
			};
			name = Debug;
		};
		89898A931CA0D86100C47BF6 /* Release */ = {
			isa = XCBuildConfiguration;
			buildSettings = {
				INFOPLIST_FILE = LMCommonKitUITests/Info.plist;
				LD_RUNPATH_SEARCH_PATHS = "$(inherited) @executable_path/Frameworks @loader_path/Frameworks";
				PRODUCT_BUNDLE_IDENTIFIER = com.taihe.LMCommonKitUITests;
				PRODUCT_NAME = "$(TARGET_NAME)";
				TEST_TARGET_NAME = LMCommonKit;
				USES_XCTRUNNER = YES;
			};
			name = Release;
		};
/* End XCBuildConfiguration section */

/* Begin XCConfigurationList section */
		89898A561CA0D86100C47BF6 /* Build configuration list for PBXProject "LMCommonKit" */ = {
			isa = XCConfigurationList;
			buildConfigurations = (
				89898A891CA0D86100C47BF6 /* Debug */,
				89898A8A1CA0D86100C47BF6 /* Release */,
			);
			defaultConfigurationIsVisible = 0;
			defaultConfigurationName = Release;
		};
		89898A8B1CA0D86100C47BF6 /* Build configuration list for PBXNativeTarget "LMCommonKit" */ = {
			isa = XCConfigurationList;
			buildConfigurations = (
				89898A8C1CA0D86100C47BF6 /* Debug */,
				89898A8D1CA0D86100C47BF6 /* Release */,
			);
			defaultConfigurationIsVisible = 0;
			defaultConfigurationName = Release;
		};
		89898A8E1CA0D86100C47BF6 /* Build configuration list for PBXNativeTarget "LMCommonKitTests" */ = {
			isa = XCConfigurationList;
			buildConfigurations = (
				89898A8F1CA0D86100C47BF6 /* Debug */,
				89898A901CA0D86100C47BF6 /* Release */,
			);
			defaultConfigurationIsVisible = 0;
			defaultConfigurationName = Release;
		};
		89898A911CA0D86100C47BF6 /* Build configuration list for PBXNativeTarget "LMCommonKitUITests" */ = {
			isa = XCConfigurationList;
			buildConfigurations = (
				89898A921CA0D86100C47BF6 /* Debug */,
				89898A931CA0D86100C47BF6 /* Release */,
			);
			defaultConfigurationIsVisible = 0;
			defaultConfigurationName = Release;
		};
/* End XCConfigurationList section */
	};
	rootObject = 89898A531CA0D86100C47BF6 /* Project object */;
}
